// !$*UTF8*$!
{
	archiveVersion = 1;
	classes = {
	};
	objectVersion = 46;
	objects = {

/* Begin PBXBuildFile section */
		C26918421D61B92000550AE4 /* AppDelegate.swift in Sources */ = {isa = PBXBuildFile; fileRef = C26918411D61B92000550AE4 /* AppDelegate.swift */; };
		C26918441D61B92000550AE4 /* ViewController.swift in Sources */ = {isa = PBXBuildFile; fileRef = C26918431D61B92000550AE4 /* ViewController.swift */; };
		C26918471D61B92000550AE4 /* Main.storyboard in Resources */ = {isa = PBXBuildFile; fileRef = C26918451D61B92000550AE4 /* Main.storyboard */; };
		C269184A1D61B92000550AE4 /* BMWTrackDays.xcdatamodeld in Sources */ = {isa = PBXBuildFile; fileRef = C26918481D61B92000550AE4 /* BMWTrackDays.xcdatamodeld */; };
		C269184C1D61B92000550AE4 /* Assets.xcassets in Resources */ = {isa = PBXBuildFile; fileRef = C269184B1D61B92000550AE4 /* Assets.xcassets */; };
		C269184F1D61B92000550AE4 /* LaunchScreen.storyboard in Resources */ = {isa = PBXBuildFile; fileRef = C269184D1D61B92000550AE4 /* LaunchScreen.storyboard */; };
		C269185A1D61B92100550AE4 /* BMWTrackDaysTests.swift in Sources */ = {isa = PBXBuildFile; fileRef = C26918591D61B92100550AE4 /* BMWTrackDaysTests.swift */; };
		C26918651D61B92100550AE4 /* BMWTrackDaysUITests.swift in Sources */ = {isa = PBXBuildFile; fileRef = C26918641D61B92100550AE4 /* BMWTrackDaysUITests.swift */; };
/* End PBXBuildFile section */

/* Begin PBXContainerItemProxy section */
		C26918561D61B92100550AE4 /* PBXContainerItemProxy */ = {
			isa = PBXContainerItemProxy;
			containerPortal = C26918361D61B92000550AE4 /* Project object */;
			proxyType = 1;
			remoteGlobalIDString = C269183D1D61B92000550AE4;
			remoteInfo = BMWTrackDays;
		};
		C26918611D61B92100550AE4 /* PBXContainerItemProxy */ = {
			isa = PBXContainerItemProxy;
			containerPortal = C26918361D61B92000550AE4 /* Project object */;
			proxyType = 1;
			remoteGlobalIDString = C269183D1D61B92000550AE4;
			remoteInfo = BMWTrackDays;
		};
/* End PBXContainerItemProxy section */

/* Begin PBXFileReference section */
		C269183E1D61B92000550AE4 /* BMWTrackDays.app */ = {isa = PBXFileReference; explicitFileType = wrapper.application; includeInIndex = 0; path = BMWTrackDays.app; sourceTree = BUILT_PRODUCTS_DIR; };
		C26918411D61B92000550AE4 /* AppDelegate.swift */ = {isa = PBXFileReference; lastKnownFileType = sourcecode.swift; path = AppDelegate.swift; sourceTree = "<group>"; };
		C26918431D61B92000550AE4 /* ViewController.swift */ = {isa = PBXFileReference; lastKnownFileType = sourcecode.swift; path = ViewController.swift; sourceTree = "<group>"; };
		C26918461D61B92000550AE4 /* Base */ = {isa = PBXFileReference; lastKnownFileType = file.storyboard; name = Base; path = Base.lproj/Main.storyboard; sourceTree = "<group>"; };
		C26918491D61B92000550AE4 /* BMWTrackDays.xcdatamodel */ = {isa = PBXFileReference; lastKnownFileType = wrapper.xcdatamodel; path = BMWTrackDays.xcdatamodel; sourceTree = "<group>"; };
		C269184B1D61B92000550AE4 /* Assets.xcassets */ = {isa = PBXFileReference; lastKnownFileType = folder.assetcatalog; path = Assets.xcassets; sourceTree = "<group>"; };
		C269184E1D61B92000550AE4 /* Base */ = {isa = PBXFileReference; lastKnownFileType = file.storyboard; name = Base; path = Base.lproj/LaunchScreen.storyboard; sourceTree = "<group>"; };
		C26918501D61B92000550AE4 /* Info.plist */ = {isa = PBXFileReference; lastKnownFileType = text.plist.xml; path = Info.plist; sourceTree = "<group>"; };
		C26918551D61B92100550AE4 /* BMWTrackDaysTests.xctest */ = {isa = PBXFileReference; explicitFileType = wrapper.cfbundle; includeInIndex = 0; path = BMWTrackDaysTests.xctest; sourceTree = BUILT_PRODUCTS_DIR; };
		C26918591D61B92100550AE4 /* BMWTrackDaysTests.swift */ = {isa = PBXFileReference; lastKnownFileType = sourcecode.swift; path = BMWTrackDaysTests.swift; sourceTree = "<group>"; };
		C269185B1D61B92100550AE4 /* Info.plist */ = {isa = PBXFileReference; lastKnownFileType = text.plist.xml; path = Info.plist; sourceTree = "<group>"; };
		C26918601D61B92100550AE4 /* BMWTrackDaysUITests.xctest */ = {isa = PBXFileReference; explicitFileType = wrapper.cfbundle; includeInIndex = 0; path = BMWTrackDaysUITests.xctest; sourceTree = BUILT_PRODUCTS_DIR; };
		C26918641D61B92100550AE4 /* BMWTrackDaysUITests.swift */ = {isa = PBXFileReference; lastKnownFileType = sourcecode.swift; path = BMWTrackDaysUITests.swift; sourceTree = "<group>"; };
		C26918661D61B92100550AE4 /* Info.plist */ = {isa = PBXFileReference; lastKnownFileType = text.plist.xml; path = Info.plist; sourceTree = "<group>"; };
/* End PBXFileReference section */

/* Begin PBXFrameworksBuildPhase section */
		C269183B1D61B92000550AE4 /* Frameworks */ = {
			isa = PBXFrameworksBuildPhase;
			buildActionMask = 2147483647;
			files = (
			);
			runOnlyForDeploymentPostprocessing = 0;
		};
		C26918521D61B92100550AE4 /* Frameworks */ = {
			isa = PBXFrameworksBuildPhase;
			buildActionMask = 2147483647;
			files = (
			);
			runOnlyForDeploymentPostprocessing = 0;
		};
		C269185D1D61B92100550AE4 /* Frameworks */ = {
			isa = PBXFrameworksBuildPhase;
			buildActionMask = 2147483647;
			files = (
			);
			runOnlyForDeploymentPostprocessing = 0;
		};
/* End PBXFrameworksBuildPhase section */

/* Begin PBXGroup section */
		C26918351D61B92000550AE4 = {
			isa = PBXGroup;
			children = (
				C26918401D61B92000550AE4 /* BMWTrackDays */,
				C26918581D61B92100550AE4 /* BMWTrackDaysTests */,
				C26918631D61B92100550AE4 /* BMWTrackDaysUITests */,
				C269183F1D61B92000550AE4 /* Products */,
			);
			sourceTree = "<group>";
		};
		C269183F1D61B92000550AE4 /* Products */ = {
			isa = PBXGroup;
			children = (
				C269183E1D61B92000550AE4 /* BMWTrackDays.app */,
				C26918551D61B92100550AE4 /* BMWTrackDaysTests.xctest */,
				C26918601D61B92100550AE4 /* BMWTrackDaysUITests.xctest */,
			);
			name = Products;
			sourceTree = "<group>";
		};
		C26918401D61B92000550AE4 /* BMWTrackDays */ = {
			isa = PBXGroup;
			children = (
				C26918411D61B92000550AE4 /* AppDelegate.swift */,
				C26918431D61B92000550AE4 /* ViewController.swift */,
				C26918451D61B92000550AE4 /* Main.storyboard */,
				C269184B1D61B92000550AE4 /* Assets.xcassets */,
				C269184D1D61B92000550AE4 /* LaunchScreen.storyboard */,
				C26918501D61B92000550AE4 /* Info.plist */,
				C26918481D61B92000550AE4 /* BMWTrackDays.xcdatamodeld */,
			);
			path = BMWTrackDays;
			sourceTree = "<group>";
		};
		C26918581D61B92100550AE4 /* BMWTrackDaysTests */ = {
			isa = PBXGroup;
			children = (
				C26918591D61B92100550AE4 /* BMWTrackDaysTests.swift */,
				C269185B1D61B92100550AE4 /* Info.plist */,
			);
			path = BMWTrackDaysTests;
			sourceTree = "<group>";
		};
		C26918631D61B92100550AE4 /* BMWTrackDaysUITests */ = {
			isa = PBXGroup;
			children = (
				C26918641D61B92100550AE4 /* BMWTrackDaysUITests.swift */,
				C26918661D61B92100550AE4 /* Info.plist */,
			);
			path = BMWTrackDaysUITests;
			sourceTree = "<group>";
		};
/* End PBXGroup section */

/* Begin PBXNativeTarget section */
		C269183D1D61B92000550AE4 /* BMWTrackDays */ = {
			isa = PBXNativeTarget;
			buildConfigurationList = C26918691D61B92100550AE4 /* Build configuration list for PBXNativeTarget "BMWTrackDays" */;
			buildPhases = (
				C269183A1D61B92000550AE4 /* Sources */,
				C269183B1D61B92000550AE4 /* Frameworks */,
				C269183C1D61B92000550AE4 /* Resources */,
			);
			buildRules = (
			);
			dependencies = (
			);
			name = BMWTrackDays;
			productName = BMWTrackDays;
			productReference = C269183E1D61B92000550AE4 /* BMWTrackDays.app */;
			productType = "com.apple.product-type.application";
		};
		C26918541D61B92100550AE4 /* BMWTrackDaysTests */ = {
			isa = PBXNativeTarget;
			buildConfigurationList = C269186C1D61B92100550AE4 /* Build configuration list for PBXNativeTarget "BMWTrackDaysTests" */;
			buildPhases = (
				C26918511D61B92100550AE4 /* Sources */,
				C26918521D61B92100550AE4 /* Frameworks */,
				C26918531D61B92100550AE4 /* Resources */,
			);
			buildRules = (
			);
			dependencies = (
				C26918571D61B92100550AE4 /* PBXTargetDependency */,
			);
			name = BMWTrackDaysTests;
			productName = BMWTrackDaysTests;
			productReference = C26918551D61B92100550AE4 /* BMWTrackDaysTests.xctest */;
			productType = "com.apple.product-type.bundle.unit-test";
		};
		C269185F1D61B92100550AE4 /* BMWTrackDaysUITests */ = {
			isa = PBXNativeTarget;
			buildConfigurationList = C269186F1D61B92100550AE4 /* Build configuration list for PBXNativeTarget "BMWTrackDaysUITests" */;
			buildPhases = (
				C269185C1D61B92100550AE4 /* Sources */,
				C269185D1D61B92100550AE4 /* Frameworks */,
				C269185E1D61B92100550AE4 /* Resources */,
			);
			buildRules = (
			);
			dependencies = (
				C26918621D61B92100550AE4 /* PBXTargetDependency */,
			);
			name = BMWTrackDaysUITests;
			productName = BMWTrackDaysUITests;
			productReference = C26918601D61B92100550AE4 /* BMWTrackDaysUITests.xctest */;
			productType = "com.apple.product-type.bundle.ui-testing";
		};
/* End PBXNativeTarget section */

/* Begin PBXProject section */
		C26918361D61B92000550AE4 /* Project object */ = {
			isa = PBXProject;
			attributes = {
				LastSwiftUpdateCheck = 0730;
				LastUpgradeCheck = 0900;
				ORGANIZATIONNAME = "John Jones";
				TargetAttributes = {
					C269183D1D61B92000550AE4 = {
						CreatedOnToolsVersion = 7.3.1;
						DevelopmentTeam = 8LH3DELSQ6;
						ProvisioningStyle = Automatic;
					};
					C26918541D61B92100550AE4 = {
						CreatedOnToolsVersion = 7.3.1;
						TestTargetID = C269183D1D61B92000550AE4;
					};
					C269185F1D61B92100550AE4 = {
						CreatedOnToolsVersion = 7.3.1;
						TestTargetID = C269183D1D61B92000550AE4;
					};
				};
			};
			buildConfigurationList = C26918391D61B92000550AE4 /* Build configuration list for PBXProject "BMWTrackDays" */;
			compatibilityVersion = "Xcode 3.2";
			developmentRegion = English;
			hasScannedForEncodings = 0;
			knownRegions = (
				en,
				Base,
			);
			mainGroup = C26918351D61B92000550AE4;
			productRefGroup = C269183F1D61B92000550AE4 /* Products */;
			projectDirPath = "";
			projectRoot = "";
			targets = (
				C269183D1D61B92000550AE4 /* BMWTrackDays */,
				C26918541D61B92100550AE4 /* BMWTrackDaysTests */,
				C269185F1D61B92100550AE4 /* BMWTrackDaysUITests */,
			);
		};
/* End PBXProject section */

/* Begin PBXResourcesBuildPhase section */
		C269183C1D61B92000550AE4 /* Resources */ = {
			isa = PBXResourcesBuildPhase;
			buildActionMask = 2147483647;
			files = (
				C269184F1D61B92000550AE4 /* LaunchScreen.storyboard in Resources */,
				C269184C1D61B92000550AE4 /* Assets.xcassets in Resources */,
				C26918471D61B92000550AE4 /* Main.storyboard in Resources */,
			);
			runOnlyForDeploymentPostprocessing = 0;
		};
		C26918531D61B92100550AE4 /* Resources */ = {
			isa = PBXResourcesBuildPhase;
			buildActionMask = 2147483647;
			files = (
			);
			runOnlyForDeploymentPostprocessing = 0;
		};
		C269185E1D61B92100550AE4 /* Resources */ = {
			isa = PBXResourcesBuildPhase;
			buildActionMask = 2147483647;
			files = (
			);
			runOnlyForDeploymentPostprocessing = 0;
		};
/* End PBXResourcesBuildPhase section */

/* Begin PBXSourcesBuildPhase section */
		C269183A1D61B92000550AE4 /* Sources */ = {
			isa = PBXSourcesBuildPhase;
			buildActionMask = 2147483647;
			files = (
				C269184A1D61B92000550AE4 /* BMWTrackDays.xcdatamodeld in Sources */,
				C26918441D61B92000550AE4 /* ViewController.swift in Sources */,
				C26918421D61B92000550AE4 /* AppDelegate.swift in Sources */,
			);
			runOnlyForDeploymentPostprocessing = 0;
		};
		C26918511D61B92100550AE4 /* Sources */ = {
			isa = PBXSourcesBuildPhase;
			buildActionMask = 2147483647;
			files = (
				C269185A1D61B92100550AE4 /* BMWTrackDaysTests.swift in Sources */,
			);
			runOnlyForDeploymentPostprocessing = 0;
		};
		C269185C1D61B92100550AE4 /* Sources */ = {
			isa = PBXSourcesBuildPhase;
			buildActionMask = 2147483647;
			files = (
				C26918651D61B92100550AE4 /* BMWTrackDaysUITests.swift in Sources */,
			);
			runOnlyForDeploymentPostprocessing = 0;
		};
/* End PBXSourcesBuildPhase section */

/* Begin PBXTargetDependency section */
		C26918571D61B92100550AE4 /* PBXTargetDependency */ = {
			isa = PBXTargetDependency;
			target = C269183D1D61B92000550AE4 /* BMWTrackDays */;
			targetProxy = C26918561D61B92100550AE4 /* PBXContainerItemProxy */;
		};
		C26918621D61B92100550AE4 /* PBXTargetDependency */ = {
			isa = PBXTargetDependency;
			target = C269183D1D61B92000550AE4 /* BMWTrackDays */;
			targetProxy = C26918611D61B92100550AE4 /* PBXContainerItemProxy */;
		};
/* End PBXTargetDependency section */

/* Begin PBXVariantGroup section */
		C26918451D61B92000550AE4 /* Main.storyboard */ = {
			isa = PBXVariantGroup;
			children = (
				C26918461D61B92000550AE4 /* Base */,
			);
			name = Main.storyboard;
			sourceTree = "<group>";
		};
		C269184D1D61B92000550AE4 /* LaunchScreen.storyboard */ = {
			isa = PBXVariantGroup;
			children = (
				C269184E1D61B92000550AE4 /* Base */,
			);
			name = LaunchScreen.storyboard;
			sourceTree = "<group>";
		};
/* End PBXVariantGroup section */

/* Begin XCBuildConfiguration section */
		C26918671D61B92100550AE4 /* Debug */ = {
			isa = XCBuildConfiguration;
			buildSettings = {
				ALWAYS_SEARCH_USER_PATHS = NO;
				CLANG_ANALYZER_NONNULL = YES;
				CLANG_CXX_LANGUAGE_STANDARD = "gnu++0x";
				CLANG_CXX_LIBRARY = "libc++";
				CLANG_ENABLE_MODULES = YES;
				CLANG_ENABLE_OBJC_ARC = YES;
				CLANG_WARN_BLOCK_CAPTURE_AUTORELEASING = YES;
				CLANG_WARN_BOOL_CONVERSION = YES;
				CLANG_WARN_COMMA = YES;
				CLANG_WARN_CONSTANT_CONVERSION = YES;
				CLANG_WARN_DIRECT_OBJC_ISA_USAGE = YES_ERROR;
				CLANG_WARN_EMPTY_BODY = YES;
				CLANG_WARN_ENUM_CONVERSION = YES;
				CLANG_WARN_INFINITE_RECURSION = YES;
				CLANG_WARN_INT_CONVERSION = YES;
				CLANG_WARN_NON_LITERAL_NULL_CONVERSION = YES;
				CLANG_WARN_OBJC_LITERAL_CONVERSION = YES;
				CLANG_WARN_OBJC_ROOT_CLASS = YES_ERROR;
				CLANG_WARN_RANGE_LOOP_ANALYSIS = YES;
				CLANG_WARN_STRICT_PROTOTYPES = YES;
				CLANG_WARN_SUSPICIOUS_MOVE = YES;
				CLANG_WARN_UNREACHABLE_CODE = YES;
				CLANG_WARN__DUPLICATE_METHOD_MATCH = YES;
				"CODE_SIGN_IDENTITY[sdk=iphoneos*]" = "iPhone Developer";
				COPY_PHASE_STRIP = NO;
				DEBUG_INFORMATION_FORMAT = dwarf;
				ENABLE_STRICT_OBJC_MSGSEND = YES;
				ENABLE_TESTABILITY = YES;
				GCC_C_LANGUAGE_STANDARD = gnu99;
				GCC_DYNAMIC_NO_PIC = NO;
				GCC_NO_COMMON_BLOCKS = YES;
				GCC_OPTIMIZATION_LEVEL = 0;
				GCC_PREPROCESSOR_DEFINITIONS = (
					"DEBUG=1",
					"$(inherited)",
				);
				GCC_WARN_64_TO_32_BIT_CONVERSION = YES;
				GCC_WARN_ABOUT_RETURN_TYPE = YES_ERROR;
				GCC_WARN_UNDECLARED_SELECTOR = YES;
				GCC_WARN_UNINITIALIZED_AUTOS = YES_AGGRESSIVE;
				GCC_WARN_UNUSED_FUNCTION = YES;
				GCC_WARN_UNUSED_VARIABLE = YES;
				IPHONEOS_DEPLOYMENT_TARGET = 10.0;
				MTL_ENABLE_DEBUG_INFO = YES;
				ONLY_ACTIVE_ARCH = YES;
				SDKROOT = iphoneos;
				SWIFT_OPTIMIZATION_LEVEL = "-Onone";
				SWIFT_VERSION = 4.0;
				TARGETED_DEVICE_FAMILY = "1,2";
			};
			name = Debug;
		};
		C26918681D61B92100550AE4 /* Release */ = {
			isa = XCBuildConfiguration;
			buildSettings = {
				ALWAYS_SEARCH_USER_PATHS = NO;
				CLANG_ANALYZER_NONNULL = YES;
				CLANG_CXX_LANGUAGE_STANDARD = "gnu++0x";
				CLANG_CXX_LIBRARY = "libc++";
				CLANG_ENABLE_MODULES = YES;
				CLANG_ENABLE_OBJC_ARC = YES;
				CLANG_WARN_BLOCK_CAPTURE_AUTORELEASING = YES;
				CLANG_WARN_BOOL_CONVERSION = YES;
				CLANG_WARN_COMMA = YES;
				CLANG_WARN_CONSTANT_CONVERSION = YES;
				CLANG_WARN_DIRECT_OBJC_ISA_USAGE = YES_ERROR;
				CLANG_WARN_EMPTY_BODY = YES;
				CLANG_WARN_ENUM_CONVERSION = YES;
				CLANG_WARN_INFINITE_RECURSION = YES;
				CLANG_WARN_INT_CONVERSION = YES;
				CLANG_WARN_NON_LITERAL_NULL_CONVERSION = YES;
				CLANG_WARN_OBJC_LITERAL_CONVERSION = YES;
				CLANG_WARN_OBJC_ROOT_CLASS = YES_ERROR;
				CLANG_WARN_RANGE_LOOP_ANALYSIS = YES;
				CLANG_WARN_STRICT_PROTOTYPES = YES;
				CLANG_WARN_SUSPICIOUS_MOVE = YES;
				CLANG_WARN_UNREACHABLE_CODE = YES;
				CLANG_WARN__DUPLICATE_METHOD_MATCH = YES;
				"CODE_SIGN_IDENTITY[sdk=iphoneos*]" = "iPhone Developer";
				COPY_PHASE_STRIP = NO;
				DEBUG_INFORMATION_FORMAT = "dwarf-with-dsym";
				ENABLE_NS_ASSERTIONS = NO;
				ENABLE_STRICT_OBJC_MSGSEND = YES;
				GCC_C_LANGUAGE_STANDARD = gnu99;
				GCC_NO_COMMON_BLOCKS = YES;
				GCC_WARN_64_TO_32_BIT_CONVERSION = YES;
				GCC_WARN_ABOUT_RETURN_TYPE = YES_ERROR;
				GCC_WARN_UNDECLARED_SELECTOR = YES;
				GCC_WARN_UNINITIALIZED_AUTOS = YES_AGGRESSIVE;
				GCC_WARN_UNUSED_FUNCTION = YES;
				GCC_WARN_UNUSED_VARIABLE = YES;
				IPHONEOS_DEPLOYMENT_TARGET = 10.0;
				MTL_ENABLE_DEBUG_INFO = NO;
				SDKROOT = iphoneos;
				SWIFT_OPTIMIZATION_LEVEL = "-Owholemodule";
				SWIFT_VERSION = 4.0;
				TARGETED_DEVICE_FAMILY = "1,2";
				VALIDATE_PRODUCT = YES;
			};
			name = Release;
		};
		C269186A1D61B92100550AE4 /* Debug */ = {
			isa = XCBuildConfiguration;
			buildSettings = {
				ASSETCATALOG_COMPILER_APPICON_NAME = AppIcon;
				"CODE_SIGN_IDENTITY[sdk=iphoneos*]" = "iPhone Developer";
				CODE_SIGN_STYLE = Automatic;
				DEVELOPMENT_TEAM = 8LH3DELSQ6;
				INFOPLIST_FILE = BMWTrackDays/Info.plist;
				LD_RUNPATH_SEARCH_PATHS = "$(inherited) @executable_path/Frameworks";
				PRODUCT_BUNDLE_IDENTIFIER = it.race.BMWTrackDays;
				PRODUCT_NAME = "$(TARGET_NAME)";
				PROVISIONING_PROFILE_SPECIFIER = "";
				SWIFT_VERSION = 4.0;
			};
			name = Debug;
		};
		C269186B1D61B92100550AE4 /* Release */ = {
			isa = XCBuildConfiguration;
			buildSettings = {
				ASSETCATALOG_COMPILER_APPICON_NAME = AppIcon;
				"CODE_SIGN_IDENTITY[sdk=iphoneos*]" = "iPhone Developer";
				CODE_SIGN_STYLE = Automatic;
				DEVELOPMENT_TEAM = 8LH3DELSQ6;
				INFOPLIST_FILE = BMWTrackDays/Info.plist;
				LD_RUNPATH_SEARCH_PATHS = "$(inherited) @executable_path/Frameworks";
				PRODUCT_BUNDLE_IDENTIFIER = it.race.BMWTrackDays;
				PRODUCT_NAME = "$(TARGET_NAME)";
				PROVISIONING_PROFILE_SPECIFIER = "";
				SWIFT_VERSION = 4.0;
			};
			name = Release;
		};
		C269186D1D61B92100550AE4 /* Debug */ = {
			isa = XCBuildConfiguration;
			buildSettings = {
				BUNDLE_LOADER = "$(TEST_HOST)";
				INFOPLIST_FILE = BMWTrackDaysTests/Info.plist;
				LD_RUNPATH_SEARCH_PATHS = "$(inherited) @executable_path/Frameworks @loader_path/Frameworks";
				PRODUCT_BUNDLE_IDENTIFIER = it.race.BMWTrackDaysTests;
				PRODUCT_NAME = "$(TARGET_NAME)";
				TEST_HOST = "$(BUILT_PRODUCTS_DIR)/BMWTrackDays.app/BMWTrackDays";
			};
			name = Debug;
		};
		C269186E1D61B92100550AE4 /* Release */ = {
			isa = XCBuildConfiguration;
			buildSettings = {
				BUNDLE_LOADER = "$(TEST_HOST)";
				INFOPLIST_FILE = BMWTrackDaysTests/Info.plist;
				LD_RUNPATH_SEARCH_PATHS = "$(inherited) @executable_path/Frameworks @loader_path/Frameworks";
				PRODUCT_BUNDLE_IDENTIFIER = it.race.BMWTrackDaysTests;
				PRODUCT_NAME = "$(TARGET_NAME)";
				TEST_HOST = "$(BUILT_PRODUCTS_DIR)/BMWTrackDays.app/BMWTrackDays";
			};
			name = Release;
		};
		C26918701D61B92100550AE4 /* Debug */ = {
			isa = XCBuildConfiguration;
			buildSettings = {
				INFOPLIST_FILE = BMWTrackDaysUITests/Info.plist;
				LD_RUNPATH_SEARCH_PATHS = "$(inherited) @executable_path/Frameworks @loader_path/Frameworks";
				PRODUCT_BUNDLE_IDENTIFIER = it.race.BMWTrackDaysUITests;
				PRODUCT_NAME = "$(TARGET_NAME)";
				TEST_TARGET_NAME = BMWTrackDays;
			};
			name = Debug;
		};
		C26918711D61B92100550AE4 /* Release */ = {
			isa = XCBuildConfiguration;
			buildSettings = {
				INFOPLIST_FILE = BMWTrackDaysUITests/Info.plist;
				LD_RUNPATH_SEARCH_PATHS = "$(inherited) @executable_path/Frameworks @loader_path/Frameworks";
				PRODUCT_BUNDLE_IDENTIFIER = it.race.BMWTrackDaysUITests;
				PRODUCT_NAME = "$(TARGET_NAME)";
				TEST_TARGET_NAME = BMWTrackDays;
			};
			name = Release;
		};
/* End XCBuildConfiguration section */

/* Begin XCConfigurationList section */
		C26918391D61B92000550AE4 /* Build configuration list for PBXProject "BMWTrackDays" */ = {
			isa = XCConfigurationList;
			buildConfigurations = (
				C26918671D61B92100550AE4 /* Debug */,
				C26918681D61B92100550AE4 /* Release */,
			);
			defaultConfigurationIsVisible = 0;
			defaultConfigurationName = Release;
		};
		C26918691D61B92100550AE4 /* Build configuration list for PBXNativeTarget "BMWTrackDays" */ = {
			isa = XCConfigurationList;
			buildConfigurations = (
				C269186A1D61B92100550AE4 /* Debug */,
				C269186B1D61B92100550AE4 /* Release */,
			);
			defaultConfigurationIsVisible = 0;
			defaultConfigurationName = Release;
		};
		C269186C1D61B92100550AE4 /* Build configuration list for PBXNativeTarget "BMWTrackDaysTests" */ = {
			isa = XCConfigurationList;
			buildConfigurations = (
				C269186D1D61B92100550AE4 /* Debug */,
				C269186E1D61B92100550AE4 /* Release */,
			);
			defaultConfigurationIsVisible = 0;
			defaultConfigurationName = Release;
		};
		C269186F1D61B92100550AE4 /* Build configuration list for PBXNativeTarget "BMWTrackDaysUITests" */ = {
			isa = XCConfigurationList;
			buildConfigurations = (
				C26918701D61B92100550AE4 /* Debug */,
				C26918711D61B92100550AE4 /* Release */,
			);
			defaultConfigurationIsVisible = 0;
			defaultConfigurationName = Release;
		};
/* End XCConfigurationList section */

/* Begin XCVersionGroup section */
		C26918481D61B92000550AE4 /* BMWTrackDays.xcdatamodeld */ = {
			isa = XCVersionGroup;
			children = (
				C26918491D61B92000550AE4 /* BMWTrackDays.xcdatamodel */,
			);
			currentVersion = C26918491D61B92000550AE4 /* BMWTrackDays.xcdatamodel */;
			path = BMWTrackDays.xcdatamodeld;
			sourceTree = "<group>";
			versionGroupType = wrapper.xcdatamodel;
		};
/* End XCVersionGroup section */
	};
	rootObject = C26918361D61B92000550AE4 /* Project object */;
}
